
Microsoft Visual Studio Solution File, Format Version 12.00
# Visual Studio Version 17
VisualStudioVersion = 17.1.32421.90
MinimumVisualStudioVersion = 10.0.40219.1
Project("{FAE04EC0-301F-11D3-BF4B-00C04F79EFBC}") = "Calcualtor", "Calcualtor\Calcualtor.csproj", "{719DDBE0-BC2F-4766-859C-415C55818FF5}"
EndProject
Global
	GlobalSection(SolutionConfigurationPlatforms) = preSolution
		Debug|Any CPU = Debug|Any CPU
		Release|Any CPU = Release|Any CPU
	EndGlobalSection
	GlobalSection(ProjectConfigurationPlatforms) = postSolution
		{719DDBE0-BC2F-4766-859C-415C55818FF5}.Debug|Any CPU.ActiveCfg = Debug|Any CPU
		{719DDBE0-BC2F-4766-859C-415C55818FF5}.Debug|Any CPU.Build.0 = Debug|Any CPU
		{719DDBE0-BC2F-4766-859C-415C55818FF5}.Release|Any CPU.ActiveCfg = Release|Any CPU
		{719DDBE0-BC2F-4766-859C-415C55818FF5}.Release|Any CPU.Build.0 = Release|Any CPU
	EndGlobalSection
	GlobalSection(SolutionProperties) = preSolution
		HideSolutionNode = FALSE
	EndGlobalSection
	GlobalSection(ExtensibilityGlobals) = postSolution
		SolutionGuid = {165309CC-4C43-4CC6-8F1C-3F348E7ECE70}
	EndGlobalSection
EndGlobal
